<?xml version="1.0" encoding="utf-8"?>
<Project ToolsVersion="4.0" xmlns="http://schemas.microsoft.com/developer/msbuild/2003">
  <ItemGroup>
    <Filter Include="ソース ファイル">
      <UniqueIdentifier>{4FC737F1-C7A5-4376-A066-2A32D752A2FF}</UniqueIdentifier>
      <Extensions>cpp;c;cc;cxx;def;odl;idl;hpj;bat;asm;asmx</Extensions>
    </Filter>
    <Filter Include="ヘッダー ファイル">
      <UniqueIdentifier>{93995380-89BD-4b04-88EB-625FBE52EBFB}</UniqueIdentifier>
      <Extensions>h;hh;hpp;hxx;hm;inl;inc;ipp;xsd</Extensions>
    </Filter>
    <Filter Include="リソース ファイル">
      <UniqueIdentifier>{67DA6AB6-F800-4c08-8B7A-83BB121AAD01}</UniqueIdentifier>
      <Extensions>rc;ico;cur;bmp;dlg;rc2;rct;bin;rgs;gif;jpg;jpeg;jpe;resx;tiff;tif;png;wav;mfcribbon-ms</Extensions>
    </Filter>
    <Filter Include="ソース ファイル\Actor">
      <UniqueIdentifier>{37cb67bf-045a-435c-bbd6-0c547503d4e2}</UniqueIdentifier>
    </Filter>
    <Filter Include="ソース ファイル\Component">
      <UniqueIdentifier>{da9b5067-08ff-417e-a980-8941d5da28d4}</UniqueIdentifier>
    </Filter>
    <Filter Include="ソース ファイル\Math">
      <UniqueIdentifier>{570a1afa-63b1-408b-8062-6030015648fa}</UniqueIdentifier>
    </Filter>
    <Filter Include="ソース ファイル\Renderer">
      <UniqueIdentifier>{2fbe93c5-1f02-40a0-9821-ca0df807ac6f}</UniqueIdentifier>
    </Filter>
    <Filter Include="ヘッダー ファイル\Renderer">
      <UniqueIdentifier>{4d7c2635-4b6d-429a-8a5e-d8df10d46211}</UniqueIdentifier>
    </Filter>
    <Filter Include="ヘッダー ファイル\Math">
      <UniqueIdentifier>{d1126e9d-e717-44b5-a277-88afe2aca3b4}</UniqueIdentifier>
    </Filter>
    <Filter Include="ヘッダー ファイル\Component">
      <UniqueIdentifier>{5dc11f9c-f025-4155-9a4f-857498bbe7a8}</UniqueIdentifier>
    </Filter>
    <Filter Include="ヘッダー ファイル\Actor">
      <UniqueIdentifier>{6901ce14-8352-4302-a581-d7742a80e55b}</UniqueIdentifier>
    </Filter>
  </ItemGroup>
  <ItemGroup>
    <ClCompile Include="..\..\..\Libraries\glad\src\glad.c">
      <Filter>ソース ファイル</Filter>
    </ClCompile>
    <ClCompile Include="SourceCode\main.cpp">
      <Filter>ソース ファイル</Filter>
    </ClCompile>
    <ClCompile Include="SourceCode\GameSystem.cpp">
      <Filter>ソース ファイル</Filter>
    </ClCompile>
    <ClCompile Include="SourceCode\Hash.cpp">
      <Filter>ソース ファイル</Filter>
    </ClCompile>
    <ClCompile Include="SourceCode\Actor.cpp">
      <Filter>ソース ファイル\Actor</Filter>
    </ClCompile>
    <ClCompile Include="SourceCode\ComponentBase.cpp">
      <Filter>ソース ファイル\Component</Filter>
    </ClCompile>
    <ClCompile Include="SourceCode\Matrix.cpp">
      <Filter>ソース ファイル\Math</Filter>
    </ClCompile>
    <ClCompile Include="SourceCode\Vector.cpp">
      <Filter>ソース ファイル\Math</Filter>
    </ClCompile>
    <ClCompile Include="SourceCode\Mesh.cpp">
      <Filter>ソース ファイル\Renderer</Filter>
    </ClCompile>
    <ClCompile Include="SourceCode\Renderer.cpp">
      <Filter>ソース ファイル\Renderer</Filter>
    </ClCompile>
    <ClCompile Include="SourceCode\Shader.cpp">
      <Filter>ソース ファイル\Renderer</Filter>
    </ClCompile>
    <ClCompile Include="SourceCode\Texture.cpp">
      <Filter>ソース ファイル\Renderer</Filter>
    </ClCompile>
    <ClCompile Include="SourceCode\MeshComponent.cpp">
      <Filter>ソース ファイル</Filter>
    </ClCompile>
    <ClCompile Include="SourceCode\Quaternion.cpp">
      <Filter>ソース ファイル</Filter>
    </ClCompile>
    <ClCompile Include="SourceCode\VertexArray.cpp">
      <Filter>ソース ファイル</Filter>
    </ClCompile>
  </ItemGroup>
  <ItemGroup>
    <ClInclude Include="SourceCode\GameSystem.h">
      <Filter>ヘッダー ファイル</Filter>
    </ClInclude>
    <ClInclude Include="SourceCode\Hash.h">
      <Filter>ヘッダー ファイル</Filter>
    </ClInclude>
    <ClInclude Include="SourceCode\Collision.h">
      <Filter>ヘッダー ファイル</Filter>
    </ClInclude>
    <ClInclude Include="SourceCode\BitFlagFunc.h">
      <Filter>ヘッダー ファイル</Filter>
    </ClInclude>
    <ClInclude Include="SourceCode\Renderer.h">
      <Filter>ヘッダー ファイル\Renderer</Filter>
    </ClInclude>
    <ClInclude Include="SourceCode\Shader.h">
      <Filter>ヘッダー ファイル\Renderer</Filter>
    </ClInclude>
    <ClInclude Include="SourceCode\Texture.h">
      <Filter>ヘッダー ファイル\Renderer</Filter>
    </ClInclude>
    <ClInclude Include="SourceCode\Mesh.h">
      <Filter>ヘッダー ファイル\Renderer</Filter>
    </ClInclude>
    <ClInclude Include="SourceCode\Matrix.h">
      <Filter>ヘッダー ファイル\Math</Filter>
    </ClInclude>
    <ClInclude Include="SourceCode\Vector.h">
      <Filter>ヘッダー ファイル\Math</Filter>
    </ClInclude>
    <ClInclude Include="SourceCode\ComponentBase.h">
      <Filter>ヘッダー ファイル\Component</Filter>
    </ClInclude>
    <ClInclude Include="SourceCode\Actor.h">
      <Filter>ヘッダー ファイル\Actor</Filter>
    </ClInclude>
    <ClInclude Include="SourceCode\MeshComponent.h">
      <Filter>ヘッダー ファイル\Component</Filter>
    </ClInclude>
    <ClInclude Include="SourceCode\Quaternion.h">
      <Filter>ヘッダー ファイル</Filter>
    </ClInclude>
    <ClInclude Include="SourceCode\CommonMath.h">
      <Filter>ヘッダー ファイル</Filter>
    </ClInclude>
    <ClInclude Include="SourceCode\VertexArray.h">
      <Filter>ヘッダー ファイル</Filter>
    </ClInclude>
  </ItemGroup>
  <ItemGroup>
    <None Include="Shaders\Phong.frag">
      <Filter>リソース ファイル</Filter>
    </None>
    <None Include="Shaders\Phong.vert">
      <Filter>リソース ファイル</Filter>
    </None>
  </ItemGroup>
</Project>